
Microsoft Visual Studio Solution File, Format Version 12.00
# Visual Studio Version 17
VisualStudioVersion = 17.14.36414.22
MinimumVisualStudioVersion = 10.0.40219.1
Project("{FAE04EC0-301F-11D3-BF4B-00C04F79EFBC}") = "SchulbibliothekWpf", "SchulbibliothekWpf\SchulbibliothekWpf.csproj", "{E122D147-7122-4D72-9260-103100035AEB}"
EndProject
Global
	GlobalSection(SolutionConfigurationPlatforms) = preSolution
		Debug|Any CPU = Debug|Any CPU
		Release|Any CPU = Release|Any CPU
	EndGlobalSection
	GlobalSection(ProjectConfigurationPlatforms) = postSolution
		{E122D147-7122-4D72-9260-103100035AEB}.Debug|Any CPU.ActiveCfg = Debug|Any CPU
		{E122D147-7122-4D72-9260-103100035AEB}.Debug|Any CPU.Build.0 = Debug|Any CPU
		{E122D147-7122-4D72-9260-103100035AEB}.Release|Any CPU.ActiveCfg = Release|Any CPU
		{E122D147-7122-4D72-9260-103100035AEB}.Release|Any CPU.Build.0 = Release|Any CPU
	EndGlobalSection
	GlobalSection(SolutionProperties) = preSolution
		HideSolutionNode = FALSE
	EndGlobalSection
	GlobalSection(ExtensibilityGlobals) = postSolution
		SolutionGuid = {C734F354-77A8-43AF-80EA-C604BB75D0D5}
	EndGlobalSection
EndGlobal
